[root]
name = "flex"
version = "0.1.0"
dependencies = [
 "bitstream-io 0.6.1 (registry+https://github.com/rust-lang/crates.io-index)",
]

[[package]]
name = "bitstream-io"
version = "0.6.1"
source = "registry+https://github.com/rust-lang/crates.io-index"

[metadata]
"checksum bitstream-io 0.6.1 (registry+https://github.com/rust-lang/crates.io-index)" = "f772fe14aa1856dd6ae15af96de288ac0976f657e6267beed1757dde3417dcd3"
